
Microsoft Visual Studio Solution File, Format Version 12.00
# Visual Studio Version 16
VisualStudioVersion = 16.0.30413.136
MinimumVisualStudioVersion = 10.0.40219.1
Project("{FAE04EC0-301F-11D3-BF4B-00C04F79EFBC}") = "Support Project", "Support Project\Support Project.csproj", "{CEA99A3F-2E8A-44E1-8547-B25F1D6B9BF8}"
EndProject
Global
	GlobalSection(SolutionConfigurationPlatforms) = preSolution
		Debug|Any CPU = Debug|Any CPU
		Release|Any CPU = Release|Any CPU
	EndGlobalSection
	GlobalSection(ProjectConfigurationPlatforms) = postSolution
		{CEA99A3F-2E8A-44E1-8547-B25F1D6B9BF8}.Debug|Any CPU.ActiveCfg = Debug|Any CPU
		{CEA99A3F-2E8A-44E1-8547-B25F1D6B9BF8}.Debug|Any CPU.Build.0 = Debug|Any CPU
		{CEA99A3F-2E8A-44E1-8547-B25F1D6B9BF8}.Release|Any CPU.ActiveCfg = Release|Any CPU
		{CEA99A3F-2E8A-44E1-8547-B25F1D6B9BF8}.Release|Any CPU.Build.0 = Release|Any CPU
	EndGlobalSection
	GlobalSection(SolutionProperties) = preSolution
		HideSolutionNode = FALSE
	EndGlobalSection
	GlobalSection(ExtensibilityGlobals) = postSolution
		SolutionGuid = {B13907D3-8838-446F-9960-AAF1212C9C55}
	EndGlobalSection
EndGlobal
